
Microsoft Visual Studio Solution File, Format Version 12.00
# Visual Studio 2012
Project("{FAE04EC0-301F-11D3-BF4B-00C04F79EFBC}") = "NSocket.PerformanceTest", "NSocket.PerformanceTest\NSocket.PerformanceTest.csproj", "{93734440-5B13-4ACE-849D-22E343367183}"
EndProject
Project("{FAE04EC0-301F-11D3-BF4B-00C04F79EFBC}") = "NSocket.SocketLib", "..\NSocket.Server\NSocket.SocketLib\NSocket.SocketLib.csproj", "{BF02552A-5061-4650-9A26-C8D9F7A97F14}"
EndProject
Global
	GlobalSection(SolutionConfigurationPlatforms) = preSolution
		Debug|Any CPU = Debug|Any CPU
		Release|Any CPU = Release|Any CPU
	EndGlobalSection
	GlobalSection(ProjectConfigurationPlatforms) = postSolution
		{93734440-5B13-4ACE-849D-22E343367183}.Debug|Any CPU.ActiveCfg = Debug|Any CPU
		{93734440-5B13-4ACE-849D-22E343367183}.Debug|Any CPU.Build.0 = Debug|Any CPU
		{93734440-5B13-4ACE-849D-22E343367183}.Release|Any CPU.ActiveCfg = Release|Any CPU
		{93734440-5B13-4ACE-849D-22E343367183}.Release|Any CPU.Build.0 = Release|Any CPU
		{BF02552A-5061-4650-9A26-C8D9F7A97F14}.Debug|Any CPU.ActiveCfg = Debug|Any CPU
		{BF02552A-5061-4650-9A26-C8D9F7A97F14}.Debug|Any CPU.Build.0 = Debug|Any CPU
		{BF02552A-5061-4650-9A26-C8D9F7A97F14}.Release|Any CPU.ActiveCfg = Release|Any CPU
		{BF02552A-5061-4650-9A26-C8D9F7A97F14}.Release|Any CPU.Build.0 = Release|Any CPU
	EndGlobalSection
	GlobalSection(SolutionProperties) = preSolution
		HideSolutionNode = FALSE
	EndGlobalSection
EndGlobal
